Microsoft Visual Studio Solution File, Format Version 12.00
# Visual Studio 2012
Project("{FAE04EC0-301F-11D3-BF4B-00C04F79EFBC}") = "CityBuilder", "CityBuilder.csproj", "{B0011240-606F-4CA1-AB1F-4398DD00FD85}"
EndProject
Global
	GlobalSection(SolutionConfigurationPlatforms) = preSolution
	Debug|Any CPU = Debug|Any CPU
	ExportDebug|Any CPU = ExportDebug|Any CPU
	ExportRelease|Any CPU = ExportRelease|Any CPU
	EndGlobalSection
	GlobalSection(ProjectConfigurationPlatforms) = postSolution
		{B0011240-606F-4CA1-AB1F-4398DD00FD85}.Debug|Any CPU.ActiveCfg = Debug|Any CPU
		{B0011240-606F-4CA1-AB1F-4398DD00FD85}.Debug|Any CPU.Build.0 = Debug|Any CPU
		{B0011240-606F-4CA1-AB1F-4398DD00FD85}.ExportDebug|Any CPU.ActiveCfg = ExportDebug|Any CPU
		{B0011240-606F-4CA1-AB1F-4398DD00FD85}.ExportDebug|Any CPU.Build.0 = ExportDebug|Any CPU
		{B0011240-606F-4CA1-AB1F-4398DD00FD85}.ExportRelease|Any CPU.ActiveCfg = ExportRelease|Any CPU
		{B0011240-606F-4CA1-AB1F-4398DD00FD85}.ExportRelease|Any CPU.Build.0 = ExportRelease|Any CPU
	EndGlobalSection
EndGlobal
